
Microsoft Visual Studio Solution File, Format Version 12.00
# Visual Studio 2013
VisualStudioVersion = 12.0.21005.1
MinimumVisualStudioVersion = 10.0.40219.1
Project("{FAE04EC0-301F-11D3-BF4B-00C04F79EFBC}") = "WebTest", "WebTest\WebTest.csproj", "{115BB4BC-7CDA-490E-9FBE-B22D45760D8E}"
EndProject
Project("{FAE04EC0-301F-11D3-BF4B-00C04F79EFBC}") = "UnitTest", "UnitTest\UnitTest.csproj", "{B94A233F-033F-4FAF-A744-7581510FE8CB}"
EndProject
Project("{FAE04EC0-301F-11D3-BF4B-00C04F79EFBC}") = "Common", "Common\Common.csproj", "{36732D68-0AF5-4A8B-9239-F88C63485E3F}"
EndProject
Global
	GlobalSection(SolutionConfigurationPlatforms) = preSolution
		Debug|Any CPU = Debug|Any CPU
		Release|Any CPU = Release|Any CPU
	EndGlobalSection
	GlobalSection(ProjectConfigurationPlatforms) = postSolution
		{115BB4BC-7CDA-490E-9FBE-B22D45760D8E}.Debug|Any CPU.ActiveCfg = Debug|Any CPU
		{115BB4BC-7CDA-490E-9FBE-B22D45760D8E}.Debug|Any CPU.Build.0 = Debug|Any CPU
		{115BB4BC-7CDA-490E-9FBE-B22D45760D8E}.Release|Any CPU.ActiveCfg = Release|Any CPU
		{115BB4BC-7CDA-490E-9FBE-B22D45760D8E}.Release|Any CPU.Build.0 = Release|Any CPU
		{B94A233F-033F-4FAF-A744-7581510FE8CB}.Debug|Any CPU.ActiveCfg = Debug|Any CPU
		{B94A233F-033F-4FAF-A744-7581510FE8CB}.Debug|Any CPU.Build.0 = Debug|Any CPU
		{B94A233F-033F-4FAF-A744-7581510FE8CB}.Release|Any CPU.ActiveCfg = Release|Any CPU
		{B94A233F-033F-4FAF-A744-7581510FE8CB}.Release|Any CPU.Build.0 = Release|Any CPU
		{36732D68-0AF5-4A8B-9239-F88C63485E3F}.Debug|Any CPU.ActiveCfg = Debug|Any CPU
		{36732D68-0AF5-4A8B-9239-F88C63485E3F}.Debug|Any CPU.Build.0 = Debug|Any CPU
		{36732D68-0AF5-4A8B-9239-F88C63485E3F}.Release|Any CPU.ActiveCfg = Release|Any CPU
		{36732D68-0AF5-4A8B-9239-F88C63485E3F}.Release|Any CPU.Build.0 = Release|Any CPU
	EndGlobalSection
	GlobalSection(SolutionProperties) = preSolution
		HideSolutionNode = FALSE
	EndGlobalSection
EndGlobal
